<?xml version="1.0" encoding="utf-8"?>
<Project ToolsVersion="4.0" xmlns="http://schemas.microsoft.com/developer/msbuild/2003">
  <ItemGroup>
    <Filter Include="Source Files">
      <UniqueIdentifier>{4FC737F1-C7A5-4376-A066-2A32D752A2FF}</UniqueIdentifier>
      <Extensions>cpp;c;cc;cxx;def;odl;idl;hpj;bat;asm;asmx</Extensions>
    </Filter>
    <Filter Include="Header Files">
      <UniqueIdentifier>{93995380-89BD-4b04-88EB-625FBE52EBFB}</UniqueIdentifier>
      <Extensions>h;hh;hpp;hxx;hm;inl;inc;xsd</Extensions>
    </Filter>
    <Filter Include="Moods">
      <UniqueIdentifier>{bc6d5172-ca55-4634-bbbe-f669b4f4cb94}</UniqueIdentifier>
    </Filter>
    <Filter Include="Configuration">
      <UniqueIdentifier>{e9620d46-b30e-4013-b9df-d431aa08438f}</UniqueIdentifier>
    </Filter>
    <Filter Include="InputFileNames">
      <UniqueIdentifier>{3e1e42e9-db94-4f30-ae0a-f477871f627c}</UniqueIdentifier>
    </Filter>
    <Filter Include="FeatureMatrixLoader">
      <UniqueIdentifier>{37984805-5849-4058-b116-5e51028a8a75}</UniqueIdentifier>
    </Filter>
    <Filter Include="SuperVectorCalculator">
      <UniqueIdentifier>{cfb23d5f-9f82-43e3-9ca6-7f6c88d8c124}</UniqueIdentifier>
    </Filter>
    <Filter Include="Ubm">
      <UniqueIdentifier>{1c6d0281-664c-48eb-a1cd-04829da0247e}</UniqueIdentifier>
    </Filter>
    <Filter Include="SuperVectorCollector">
      <UniqueIdentifier>{f1e9f107-1d7d-40c3-b35a-a2796f6c96a1}</UniqueIdentifier>
    </Filter>
    <Filter Include="SvmClassifier">
      <UniqueIdentifier>{febccd9b-9ae2-40ec-804b-2cb9524dfd8d}</UniqueIdentifier>
    </Filter>
    <Filter Include="PcaReductor">
      <UniqueIdentifier>{67840815-f48c-47b8-894b-db19be18360c}</UniqueIdentifier>
    </Filter>
  </ItemGroup>
  <ItemGroup>
    <ClInclude Include="Moods.h">
      <Filter>Moods</Filter>
    </ClInclude>
    <ClInclude Include="MoodsInterface.h">
      <Filter>Moods</Filter>
    </ClInclude>
    <ClInclude Include="Configuration.h">
      <Filter>Configuration</Filter>
    </ClInclude>
    <ClInclude Include="InputFileNames.h">
      <Filter>InputFileNames</Filter>
    </ClInclude>
    <ClInclude Include="Mp3InputFileNames.h">
      <Filter>InputFileNames</Filter>
    </ClInclude>
    <ClInclude Include="MatInputFileNames.h">
      <Filter>InputFileNames</Filter>
    </ClInclude>
    <ClInclude Include="FeatureMatrixLoader.h">
      <Filter>FeatureMatrixLoader</Filter>
    </ClInclude>
    <ClInclude Include="Mp3FeatureMatrixLoader.h">
      <Filter>FeatureMatrixLoader</Filter>
    </ClInclude>
    <ClInclude Include="MatFeatureMatrixLoader.h">
      <Filter>FeatureMatrixLoader</Filter>
    </ClInclude>
    <ClInclude Include="SuperVectorCalculator.h">
      <Filter>SuperVectorCalculator</Filter>
    </ClInclude>
    <ClInclude Include="UbmLoader.h">
      <Filter>Ubm</Filter>
    </ClInclude>
    <ClInclude Include="Ubm.h">
      <Filter>Ubm</Filter>
    </ClInclude>
    <ClInclude Include="SuperVectorCollector.h">
      <Filter>SuperVectorCollector</Filter>
    </ClInclude>
    <ClInclude Include="SvmClassifier.h">
      <Filter>SvmClassifier</Filter>
    </ClInclude>
    <ClInclude Include="PcaReductor.h">
      <Filter>PcaReductor</Filter>
    </ClInclude>
    <ClInclude Include="FileReader.h">
      <Filter>Header Files</Filter>
    </ClInclude>
    <ClInclude Include="Types.h" />
  </ItemGroup>
  <ItemGroup>
    <ClCompile Include="Moods.cpp">
      <Filter>Moods</Filter>
    </ClCompile>
    <ClCompile Include="Configuration.cpp">
      <Filter>Configuration</Filter>
    </ClCompile>
    <ClCompile Include="InputFileNames.cpp">
      <Filter>InputFileNames</Filter>
    </ClCompile>
    <ClCompile Include="Mp3FeatureMatrixLoader.cpp">
      <Filter>FeatureMatrixLoader</Filter>
    </ClCompile>
    <ClCompile Include="Mp3InputFileNames.cpp">
      <Filter>InputFileNames</Filter>
    </ClCompile>
    <ClCompile Include="MatFeatureMatrixLoader.cpp">
      <Filter>Source Files</Filter>
    </ClCompile>
    <ClCompile Include="SuperVectorCalculator.cpp">
      <Filter>SuperVectorCalculator</Filter>
    </ClCompile>
    <ClCompile Include="SuperVectorCollector.cpp">
      <Filter>SuperVectorCollector</Filter>
    </ClCompile>
    <ClCompile Include="PcaReductor.cpp">
      <Filter>PcaReductor</Filter>
    </ClCompile>
    <ClCompile Include="SvmClassifier.cpp">
      <Filter>SvmClassifier</Filter>
    </ClCompile>
    <ClCompile Include="MatInputFileNames.cpp">
      <Filter>Source Files</Filter>
    </ClCompile>
    <ClCompile Include="Main.cpp" />
    <ClCompile Include="Ubm.cpp">
      <Filter>Source Files</Filter>
    </ClCompile>
  </ItemGroup>
</Project>